# This file is automatically @generated by Poetry 2.2.1 and should not be changed by hand.

[[package]]
name = "click"
version = "8.3.0"
description = "Composable command line interface toolkit"
optional = false
python-versions = ">=3.10"
groups = ["main"]
files = [
    {file = "click-8.3.0-py3-none-any.whl", hash = "sha256:9b9f285302c6e3064f4330c05f05b81945b2a39544279343e6e7c5f27a9baddc"},
    {file = "click-8.3.0.tar.gz", hash = "sha256:e7b8232224eba16f4ebe410c25ced9f7875cb5f3263ffc93cc3e8da705e229c4"},
]

[package.dependencies]
colorama = {version = "*", markers = "platform_system == \"Windows\""}

[[package]]
name = "colorama"
version = "0.4.6"
description = "Cross-platform colored terminal text."
optional = false
python-versions = "!=3.0.*,!=3.1.*,!=3.2.*,!=3.3.*,!=3.4.*,!=3.5.*,!=3.6.*,>=2.7"
groups = ["main"]
markers = "platform_system == \"Windows\""
files = [
    {file = "colorama-0.4.6-py2.py3-none-any.whl", hash = "sha256:4f1d9991f5acc0ca119f9d443620b77f9d6b33703e51011c16baf57afb285fc6"},
    {file = "colorama-0.4.6.tar.gz", hash = "sha256:08695f5cb7ed6e0531a20572697297273c47b8cae5a63ffc6d6ed5c201be6e44"},
]

[[package]]
name = "falcon"
version = "4.1.0"
description = "The ultra-reliable, fast ASGI+WSGI framework for building data plane APIs at scale."
optional = false
python-versions = ">=3.8"
groups = ["main"]
files = [
    {file = "falcon-4.1.0-cp310-cp310-macosx_10_9_x86_64.whl", hash = "sha256:c4aa85dbf9af10ee0d48f6c409551d7c7226953b2479a24eaad42d39c05bd4b2"},
    {file = "falcon-4.1.0-cp310-cp310-macosx_11_0_arm64.whl", hash = "sha256:71ca6b380ddd09458127ddd5af73f302aad6de8da5690b610c9165209f5766bc"},
    {file = "falcon-4.1.0-cp310-cp310-manylinux2014_aarch64.manylinux_2_17_aarch64.manylinux_2_28_aarch64.whl", hash = "sha256:a294092ff27ac6038a36169e99175af86ea03c5e054d60c5d219fab36ad6cec7"},
    {file = "falcon-4.1.0-cp310-cp310-manylinux2014_s390x.manylinux_2_17_s390x.manylinux_2_28_s390x.whl", hash = "sha256:033b74c3e512441cef122cd7d9caa61571bf9cfef1cc60dc2c2c1c23bcf14727"},
    {file = "falcon-4.1.0-cp310-cp310-manylinux2014_x86_64.manylinux_2_17_x86_64.manylinux_2_28_x86_64.whl", hash = "sha256:a2a8324259cd47c1fe21f352a4b34b97ca29c064813115a1dddb8d95168ed154"},
    {file = "falcon-4.1.0-cp310-cp310-musllinux_1_2_aarch64.whl", hash = "sha256:758fcf3416842b8b431429873accbee34e92206600358a02e8d418e7a968983e"},
    {file = "falcon-4.1.0-cp310-cp310-musllinux_1_2_x86_64.whl", hash = "sha256:f783cfb370ed8ccaf658b0b6c766dad3ad945f1eaf27ee1f5016706618ac6f3c"},
    {file = "falcon-4.1.0-cp310-cp310-win_amd64.whl", hash = "sha256:600183fecbd121fbe55590645618ae1af12e02a4ca6ac035d6857b628cbee5ca"},
    {file = "falcon-4.1.0-cp311-cp311-macosx_10_9_x86_64.whl", hash = "sha256:a2105cd03cd7accad2f2a4b875a9f588d37293e9c202929762ea94e446bfb6ee"},
    {file = "falcon-4.1.0-cp311-cp311-macosx_11_0_arm64.whl", hash = "sha256:589e9a1cde0f84c9cb25327f6431a017a1b17e9d2c42b4b927e0ffbde6e42315"},
    {file = "falcon-4.1.0-cp311-cp311-manylinux2014_aarch64.manylinux_2_17_aarch64.manylinux_2_28_aarch64.whl", hash = "sha256:c41a3f208e28d2ff59beaaa503900c57a4d59ab17ddb3946efbad0817a314936"},
    {file = "falcon-4.1.0-cp311-cp311-manylinux2014_s390x.manylinux_2_17_s390x.manylinux_2_28_s390x.whl", hash = "sha256:43aed2194c804b64aeaf331384e2ef2ff69f29047cca65fb71e47d56f44c646f"},
    {file = "falcon-4.1.0-cp311-cp311-manylinux2014_x86_64.manylinux_2_17_x86_64.manylinux_2_28_x86_64.whl", hash = "sha256:fdad618359822f577c3ae9db73107b511e22d55715ffd4543a5096559bf1f18f"},
    {file = "falcon-4.1.0-cp311-cp311-musllinux_1_2_aarch64.whl", hash = "sha256:eea2063c49e3b327a545dadb9e445e00bf44edbfd492b92f81de582e3ce461ca"},
    {file = "falcon-4.1.0-cp311-cp311-musllinux_1_2_x86_64.whl", hash = "sha256:6e88c8a4f7bf125068d8f34bda094443ce7a2dd9bfef05c0da97a8eb5a8cb568"},
    {file = "falcon-4.1.0-cp311-cp311-win_amd64.whl", hash = "sha256:cda1a53580014f35f1314d66c74205f79e4cfb620dd1b952f581b81415477c60"},
    {file = "falcon-4.1.0-cp312-cp312-macosx_10_13_x86_64.whl", hash = "sha256:971def6f088f433092538a8409431c7001ed4eb4a6c908d5bb932111749e36e9"},
    {file = "falcon-4.1.0-cp312-cp312-macosx_11_0_arm64.whl", hash = "sha256:76a6af9f8142b7e10cee1b835b5548d73b6c65f2a1dc71aa75786bb61f3db5aa"},
    {file = "falcon-4.1.0-cp312-cp312-manylinux2014_aarch64.manylinux_2_17_aarch64.manylinux_2_28_aarch64.whl", hash = "sha256:85cf8446d54625e67b219a29ba1cd1d72a28166973c4ead07086a0a0991be161"},
    {file = "falcon-4.1.0-cp312-cp312-manylinux2014_s390x.manylinux_2_17_s390x.manylinux_2_28_s390x.whl", hash = "sha256:41368d586b58d68bb39c672654baef0dcbc130b371e2c59e093f2699892637f2"},
    {file = "falcon-4.1.0-cp312-cp312-manylinux2014_x86_64.manylinux_2_17_x86_64.manylinux_2_28_x86_64.whl", hash = "sha256:cece1561c6766b733136306c07a4198a1b760583651fd45bd071378d353b0fae"},
    {file = "falcon-4.1.0-cp312-cp312-musllinux_1_2_aarch64.whl", hash = "sha256:27c27f7144d2c705a47c17de3e19b58d0d64bafc17006cbf57064c5a56c4c0f2"},
    {file = "falcon-4.1.0-cp312-cp312-musllinux_1_2_x86_64.whl", hash = "sha256:3ef8a4c30da27ae8707c1994d4b2728492e7e173c04e79dac49f22711db285bc"},
    {file = "falcon-4.1.0-cp312-cp312-win_amd64.whl", hash = "sha256:6060146aad636931fdc88275740343e336fdb40c67b3ab43c40d48cb30964891"},
    {file = "falcon-4.1.0-cp313-cp313-macosx_10_13_x86_64.whl", hash = "sha256:8ea3954305fcf7ebc1aac90f36c01d26ce12b77b059281166b95a553b3cc9d45"},
    {file = "falcon-4.1.0-cp313-cp313-macosx_11_0_arm64.whl", hash = "sha256:84063a5242696c4cd9040ca53d178604445e8ce8b0a112c9461465554784644b"},
    {file = "falcon-4.1.0-cp313-cp313-manylinux2014_aarch64.manylinux_2_17_aarch64.manylinux_2_28_aarch64.whl", hash = "sha256:b3dbb2648f8d0670f48d5cdfa0b2b1decba6d1e505679291ffeaa5c4cb7e15df"},
    {file = "falcon-4.1.0-cp313-cp313-manylinux2014_s390x.manylinux_2_17_s390x.manylinux_2_28_s390x.whl", hash = "sha256:b0c7cc2a2b3a715086a3b7877f6a6ddfcac7261c15ceb671c6a09f442b06ef66"},
    {file = "falcon-4.1.0-cp313-cp313-manylinux2014_x86_64.manylinux_2_17_x86_64.manylinux_2_28_x86_64.whl", hash = "sha256:ccc7302a0056f8a03b98c9aa9acb96ad4cae4aabf3aa857f0c9f1871b58ae799"},
    {file = "falcon-4.1.0-cp313-cp313-musllinux_1_2_aarch64.whl", hash = "sha256:06e554c1448fbad75de4747247d02a29a944b666f44279928efcac1324e941b4"},
    {file = "falcon-4.1.0-cp313-cp313-musllinux_1_2_x86_64.whl", hash = "sha256:9a01511d6ef24eeb228b4bd47ba05e8e74f50834b5530223e834be84c0eae506"},
    {file = "falcon-4.1.0-cp313-cp313-win_amd64.whl", hash = "sha256:e3fefde1f590fff4ccd404dd932f10c9b91b42a1735e8205aa7551432a5e870a"},
    {file = "falcon-4.1.0-cp314-cp314-macosx_10_13_x86_64.whl", hash = "sha256:91e4dacdfc5681c13294d42caf951a2837a17b413539d3c71f21650ddf6b0b27"},
    {file = "falcon-4.1.0-cp314-cp314-macosx_11_0_arm64.whl", hash = "sha256:214b437c03f9d0273f5b6f2e139e7d83b3f8748925d495ae9826e739608f6155"},
    {file = "falcon-4.1.0-cp314-cp314-manylinux2014_aarch64.manylinux_2_17_aarch64.manylinux_2_28_aarch64.whl", hash = "sha256:d569fde899c813a229108c689aa3bd88511db49d904dd35fc111949267d2ecd1"},
    {file = "falcon-4.1.0-cp314-cp314-manylinux2014_s390x.manylinux_2_17_s390x.manylinux_2_28_s390x.whl", hash = "sha256:c38afcbb1b475974572859c6cc48fbdcda9a5d4094d06fd0ce54f321b3490975"},
    {file = "falcon-4.1.0-cp314-cp314-manylinux2014_x86_64.manylinux_2_17_x86_64.manylinux_2_28_x86_64.whl", hash = "sha256:903501f334d5135e6c74e11141a94f1dd0fbf80344b3dc96b57e8a1a3c5a62cb"},
    {file = "falcon-4.1.0-cp314-cp314-musllinux_1_2_aarch64.whl", hash = "sha256:90cc61a36d3e0375042b3c6a28ead19e969f8ba238beed17a887784625b9ee78"},
    {file = "falcon-4.1.0-cp314-cp314-musllinux_1_2_x86_64.whl", hash = "sha256:aa12c4422ba789fdeb90f66f39fb5f9a359b5ddb4ff2c8d51d2e1f59277af7b9"},
    {file = "falcon-4.1.0-cp314-cp314-win_amd64.whl", hash = "sha256:25be29328b39e384bd7fdd0cc46c0e86f232fcf37d9e3fb7033200df92cf1940"},
    {file = "falcon-4.1.0-py3-none-any.whl", hash = "sha256:07cb9690525fd69ca48bcf52dca8f32cff823564e89f3d0a04a2674c4c598176"},
    {file = "falcon-4.1.0.tar.gz", hash = "sha256:dbc3fa642b43e7662f121d0a7b5d7ea42a1a31fb22ae63572c42ee3ecd1f79d0"},
]

[package.extras]
test = ["pytest"]

[[package]]
name = "h11"
version = "0.16.0"
description = "A pure-Python, bring-your-own-I/O implementation of HTTP/1.1"
optional = false
python-versions = ">=3.8"
groups = ["main"]
files = [
    {file = "h11-0.16.0-py3-none-any.whl", hash = "sha256:63cf8bbe7522de3bf65932fda1d9c2772064ffb3dae62d55932da54b31cb6c86"},
    {file = "h11-0.16.0.tar.gz", hash = "sha256:4e35b956cf45792e4caa5885e69fba00bdbc6ffafbfa020300e549b208ee5ff1"},
]

[[package]]
name = "uvicorn"
version = "0.37.0"
description = "The lightning-fast ASGI server."
optional = false
python-versions = ">=3.9"
groups = ["main"]
files = [
    {file = "uvicorn-0.37.0-py3-none-any.whl", hash = "sha256:913b2b88672343739927ce381ff9e2ad62541f9f8289664fa1d1d3803fa2ce6c"},
    {file = "uvicorn-0.37.0.tar.gz", hash = "sha256:4115c8add6d3fd536c8ee77f0e14a7fd2ebba939fed9b02583a97f80648f9e13"},
]

[package.dependencies]
click = ">=7.0"
h11 = ">=0.8"

[package.extras]
standard = ["colorama (>=0.4) ; sys_platform == \"win32\"", "httptools (>=0.6.3)", "python-dotenv (>=0.13)", "pyyaml (>=5.1)", "uvloop (>=0.15.1) ; sys_platform != \"win32\" and sys_platform != \"cygwin\" and platform_python_implementation != \"PyPy\"", "watchfiles (>=0.13)", "websockets (>=10.4)"]

[metadata]
lock-version = "2.1"
python-versions = ">=3.13"
content-hash = "1996cfc3cbc7122cf25e999bf1cf5218cf4fa41bf4879fcafb8de09689d783bc"
